
Microsoft Visual Studio Solution File, Format Version 12.00
# Visual Studio Version 16
VisualStudioVersion = 16.0.33529.622
MinimumVisualStudioVersion = 10.0.40219.1
Project("{FAE04EC0-301F-11D3-BF4B-00C04F79EFBC}") = "webapp", "webapp\webapp.csproj", "{E7543F5F-F16D-4353-94DD-F9AEEB82A033}"
EndProject
Global
	GlobalSection(SolutionConfigurationPlatforms) = preSolution
		Debug|Any CPU = Debug|Any CPU
		Release|Any CPU = Release|Any CPU
	EndGlobalSection
	GlobalSection(ProjectConfigurationPlatforms) = postSolution
		{E7543F5F-F16D-4353-94DD-F9AEEB82A033}.Debug|Any CPU.ActiveCfg = Debug|Any CPU
		{E7543F5F-F16D-4353-94DD-F9AEEB82A033}.Debug|Any CPU.Build.0 = Debug|Any CPU
		{E7543F5F-F16D-4353-94DD-F9AEEB82A033}.Release|Any CPU.ActiveCfg = Release|Any CPU
		{E7543F5F-F16D-4353-94DD-F9AEEB82A033}.Release|Any CPU.Build.0 = Release|Any CPU
	EndGlobalSection
	GlobalSection(SolutionProperties) = preSolution
		HideSolutionNode = FALSE
	EndGlobalSection
	GlobalSection(ExtensibilityGlobals) = postSolution
		SolutionGuid = {1AF9D522-5040-461C-8622-DDDF65B2BD88}
	EndGlobalSection
EndGlobal
